
Microsoft Visual Studio Solution File, Format Version 12.00
# Visual Studio Version 17
VisualStudioVersion = 17.13.35825.156 d17.13
MinimumVisualStudioVersion = 10.0.40219.1
Project("{FAE04EC0-301F-11D3-BF4B-00C04F79EFBC}") = "Asp", "Asp\Asp.csproj", "{33A1AAEA-EAA2-4D0A-8E74-30A6A7C19B2E}"
EndProject
Global
	GlobalSection(SolutionConfigurationPlatforms) = preSolution
		Debug|Any CPU = Debug|Any CPU
		Release|Any CPU = Release|Any CPU
	EndGlobalSection
	GlobalSection(ProjectConfigurationPlatforms) = postSolution
		{33A1AAEA-EAA2-4D0A-8E74-30A6A7C19B2E}.Debug|Any CPU.ActiveCfg = Debug|Any CPU
		{33A1AAEA-EAA2-4D0A-8E74-30A6A7C19B2E}.Debug|Any CPU.Build.0 = Debug|Any CPU
		{33A1AAEA-EAA2-4D0A-8E74-30A6A7C19B2E}.Release|Any CPU.ActiveCfg = Release|Any CPU
		{33A1AAEA-EAA2-4D0A-8E74-30A6A7C19B2E}.Release|Any CPU.Build.0 = Release|Any CPU
	EndGlobalSection
	GlobalSection(SolutionProperties) = preSolution
		HideSolutionNode = FALSE
	EndGlobalSection
	GlobalSection(ExtensibilityGlobals) = postSolution
		SolutionGuid = {68FC2747-BEF8-4F37-B943-92516058ACED}
	EndGlobalSection
EndGlobal
